
Microsoft Visual Studio Solution File, Format Version 12.00
# Visual Studio Version 16
VisualStudioVersion = 16.0.31321.278
MinimumVisualStudioVersion = 10.0.40219.1
Project("{9A19103F-16F7-4668-BE54-9A1E7A4F7556}") = "Api", "src\Api\Api.csproj", "{56BA7912-A097-420C-88D6-DCF72A6261F9}"
EndProject
Project("{FAE04EC0-301F-11D3-BF4B-00C04F79EFBC}") = "Domain", "src\Domain\Domain.csproj", "{E0BB3371-142F-44C2-96E6-410957825A8F}"
EndProject
Project("{FAE04EC0-301F-11D3-BF4B-00C04F79EFBC}") = "Application", "src\Application\Application.csproj", "{7F8420A6-86ED-43CD-92B4-374B5F582D4B}"
EndProject
Project("{FAE04EC0-301F-11D3-BF4B-00C04F79EFBC}") = "Infrastructure", "src\Infrastructure\Infrastructure.csproj", "{04BCCFEA-DDBE-4F6C-84B7-62141E70CC6B}"
EndProject
Global
	GlobalSection(SolutionConfigurationPlatforms) = preSolution
		Debug|Any CPU = Debug|Any CPU
		Release|Any CPU = Release|Any CPU
	EndGlobalSection
	GlobalSection(ProjectConfigurationPlatforms) = postSolution
		{56BA7912-A097-420C-88D6-DCF72A6261F9}.Debug|Any CPU.ActiveCfg = Debug|Any CPU
		{56BA7912-A097-420C-88D6-DCF72A6261F9}.Debug|Any CPU.Build.0 = Debug|Any CPU
		{56BA7912-A097-420C-88D6-DCF72A6261F9}.Release|Any CPU.ActiveCfg = Release|Any CPU
		{56BA7912-A097-420C-88D6-DCF72A6261F9}.Release|Any CPU.Build.0 = Release|Any CPU
		{E0BB3371-142F-44C2-96E6-410957825A8F}.Debug|Any CPU.ActiveCfg = Debug|Any CPU
		{E0BB3371-142F-44C2-96E6-410957825A8F}.Debug|Any CPU.Build.0 = Debug|Any CPU
		{E0BB3371-142F-44C2-96E6-410957825A8F}.Release|Any CPU.ActiveCfg = Release|Any CPU
		{E0BB3371-142F-44C2-96E6-410957825A8F}.Release|Any CPU.Build.0 = Release|Any CPU
		{7F8420A6-86ED-43CD-92B4-374B5F582D4B}.Debug|Any CPU.ActiveCfg = Debug|Any CPU
		{7F8420A6-86ED-43CD-92B4-374B5F582D4B}.Debug|Any CPU.Build.0 = Debug|Any CPU
		{7F8420A6-86ED-43CD-92B4-374B5F582D4B}.Release|Any CPU.ActiveCfg = Release|Any CPU
		{7F8420A6-86ED-43CD-92B4-374B5F582D4B}.Release|Any CPU.Build.0 = Release|Any CPU
		{04BCCFEA-DDBE-4F6C-84B7-62141E70CC6B}.Debug|Any CPU.ActiveCfg = Debug|Any CPU
		{04BCCFEA-DDBE-4F6C-84B7-62141E70CC6B}.Debug|Any CPU.Build.0 = Debug|Any CPU
		{04BCCFEA-DDBE-4F6C-84B7-62141E70CC6B}.Release|Any CPU.ActiveCfg = Release|Any CPU
		{04BCCFEA-DDBE-4F6C-84B7-62141E70CC6B}.Release|Any CPU.Build.0 = Release|Any CPU
	EndGlobalSection
	GlobalSection(SolutionProperties) = preSolution
		HideSolutionNode = FALSE
	EndGlobalSection
	GlobalSection(ExtensibilityGlobals) = postSolution
		SolutionGuid = {A54DBC72-786F-4227-AD8F-71EF7A4CF6D5}
	EndGlobalSection
EndGlobal
